// !$*UTF8*$!
{
	archiveVersion = 1;
	classes = {
	};
	objectVersion = 46;
	objects = {
/* Begin PBXBuildFile section */
		0207DA581B56EA530066E2B4 /* Images.xcassets in Resources */ = {isa = PBXBuildFile; fileRef = 0207DA571B56EA530066E2B4 /* Images.xcassets */; };
		1D3623260D0F684500981E51 /* AppDelegate.m in Sources */ = {isa = PBXBuildFile; fileRef = 1D3623250D0F684500981E51 /* AppDelegate.m */; };
		1D60589B0D05DD56006BFB54 /* main.m in Sources */ = {isa = PBXBuildFile; fileRef = 29B97316FDCFA39411CA2CEA /* main.m */; };
		301BF552109A68D80062928A /* libCordova.a in Frameworks */ = {isa = PBXBuildFile; fileRef = 301BF535109A57CC0062928A /* libCordova.a */; };
		302D95F114D2391D003F00A1 /* MainViewController.m in Sources */ = {isa = PBXBuildFile; fileRef = 302D95EF14D2391D003F00A1 /* MainViewController.m */; };
		302D95F214D2391D003F00A1 /* MainViewController.xib in Resources */ = {isa = PBXBuildFile; fileRef = 302D95F014D2391D003F00A1 /* MainViewController.xib */; };
		3047A5121AB8059700498E2A /* build-debug.xcconfig in Resources */ = {isa = PBXBuildFile; fileRef = 3047A50F1AB8059700498E2A /* build-debug.xcconfig */; };
		3047A5131AB8059700498E2A /* build-release.xcconfig in Resources */ = {isa = PBXBuildFile; fileRef = 3047A5101AB8059700498E2A /* build-release.xcconfig */; };
		3047A5141AB8059700498E2A /* build.xcconfig in Resources */ = {isa = PBXBuildFile; fileRef = 3047A5111AB8059700498E2A /* build.xcconfig */; };
		6AFF5BF91D6E424B00AB3073 /* CDVLaunchScreen.storyboard in Resources */ = {isa = PBXBuildFile; fileRef = 6AFF5BF81D6E424B00AB3073 /* CDVLaunchScreen.storyboard */; };
		27251153EB3949E5AC196FC1 /* AddressBook.framework in Frameworks */ = {isa = PBXBuildFile; fileRef = 9236E2DA341847339CDC728F /* AddressBook.framework */; };
		0907BE444B974B759C81DE25 /* AppDelegate+notification.m in Sources */ = {isa = PBXBuildFile; fileRef = CE2CCD01103846AD95C0B0BA /* AppDelegate+notification.m */; };
		ABDD578170CA4FF3A77874CE /* PushPlugin.m in Sources */ = {isa = PBXBuildFile; fileRef = BD687904A31B4481803F8428 /* PushPlugin.m */; };
		9830307120AF4DD8856B593B /* libsqlite3.tbd in Frameworks */ = {isa = PBXBuildFile; fileRef = B5612DF1A19D4FADBC66C5DC /* libsqlite3.tbd */; };
		398D1C476EA0494F8DA6352B /* libz.tbd in Frameworks */ = {isa = PBXBuildFile; fileRef = 55598563FA5C47F5B2AAE08C /* libz.tbd */; };
		7C8DB0AAB49641A6A037BFCB /* OneSignalPush.m in Sources */ = {isa = PBXBuildFile; fileRef = 9B74370B426942D2AFD28F49 /* OneSignalPush.m */; };
		4920EF0D2C684D54A8012B78 /* SystemConfiguration.framework in Frameworks */ = {isa = PBXBuildFile; fileRef = A40E4BE9AFED421EA8BD7065 /* SystemConfiguration.framework */; };
		F0BF3F4A4732453783288EDC /* APPPrinter.m in Sources */ = {isa = PBXBuildFile; fileRef = 34B6604814674B428A827D4F /* APPPrinter.m */; };
		D400DD5221224260B1F6C78E /* CDVWKWebViewEngine.m in Sources */ = {isa = PBXBuildFile; fileRef = F16F452D7A2C49C4956A3CE8 /* CDVWKWebViewEngine.m */; };
		CC5D15AB17FB4C4DAB9F6B82 /* CDVWKWebViewUIDelegate.m in Sources */ = {isa = PBXBuildFile; fileRef = 8FC21A8E59C240F5838EFDA6 /* CDVWKWebViewUIDelegate.m */; };
		1DE9D7FC787344BAB576E69A /* CDVWKProcessPoolFactory.m in Sources */ = {isa = PBXBuildFile; fileRef = 6634132BD36A46AEA4604A9E /* CDVWKProcessPoolFactory.m */; };
		0481319C46864C50A0093768 /* GCDWebServer.m in Sources */ = {isa = PBXBuildFile; fileRef = EB2E935B261B4A8897AA1F10 /* GCDWebServer.m */; };
		AE50AF4D81AD42D8B28C21F5 /* GCDWebServerConnection.m in Sources */ = {isa = PBXBuildFile; fileRef = 072EA16FE19F473C909A09ED /* GCDWebServerConnection.m */; };
		68F2B42A90A34C9BBD037B85 /* GCDWebServerFunctions.m in Sources */ = {isa = PBXBuildFile; fileRef = E16FE528FCE0476C909301A1 /* GCDWebServerFunctions.m */; };
		1D2A299F795D419CAB635A0A /* GCDWebServerRequest.m in Sources */ = {isa = PBXBuildFile; fileRef = 79E6B5DA0AD74BF2A013391C /* GCDWebServerRequest.m */; };
		312F63DB641C40539F91B24A /* GCDWebServerResponse.m in Sources */ = {isa = PBXBuildFile; fileRef = E39611CB1B1C49C4BE5A0B89 /* GCDWebServerResponse.m */; };
		60BCD449AE544924996D136A /* GCDWebServerDataRequest.m in Sources */ = {isa = PBXBuildFile; fileRef = 314E3D7D17924D87B77A620B /* GCDWebServerDataRequest.m */; };
		5C4F3A9D6B8A48929B64A6DF /* GCDWebServerFileRequest.m in Sources */ = {isa = PBXBuildFile; fileRef = D8F4639C6CF241799E19960A /* GCDWebServerFileRequest.m */; };
		14D83EFE96854FFEA7BB3030 /* GCDWebServerMultiPartFormRequest.m in Sources */ = {isa = PBXBuildFile; fileRef = A032A913364A47358813B261 /* GCDWebServerMultiPartFormRequest.m */; };
		7A848D63AE3B49A3B93F976C /* GCDWebServerURLEncodedFormRequest.m in Sources */ = {isa = PBXBuildFile; fileRef = 6EDF30B80B5846E2845F6454 /* GCDWebServerURLEncodedFormRequest.m */; };
		C8D78C81D5DF4A7AB008ED4C /* GCDWebServerDataResponse.m in Sources */ = {isa = PBXBuildFile; fileRef = 603C2808B7A548F182EFFAFA /* GCDWebServerDataResponse.m */; };
		FFEB2B9396C74DC5BE7E833E /* GCDWebServerErrorResponse.m in Sources */ = {isa = PBXBuildFile; fileRef = B437A2BFF52A47A698014BDB /* GCDWebServerErrorResponse.m */; };
		2CD2F63AB2BB436F8D48C775 /* GCDWebServerFileResponse.m in Sources */ = {isa = PBXBuildFile; fileRef = 3CEEEA2930844A448825DFC7 /* GCDWebServerFileResponse.m */; };
		4D8A9018F0C04514A40205CA /* GCDWebServerStreamedResponse.m in Sources */ = {isa = PBXBuildFile; fileRef = 83220084991E47EDB2D78FB1 /* GCDWebServerStreamedResponse.m */; };
		8D2959534F7B439697681CCA /* WebKit.framework in Frameworks */ = {isa = PBXBuildFile; fileRef = AA43621AB4AC4D08A11E5E78 /* WebKit.framework */; settings = {ATTRIBUTES = (Weak, ); }; };
		87943373F0004287AF396CB5 /* CDVSplashScreen+IonicDeploy.m in Sources */ = {isa = PBXBuildFile; fileRef = 5746ECB707274D068F10C1E5 /* CDVSplashScreen+IonicDeploy.m */; };
		199AE522D6004994A42BCA33 /* IonicConstant.m in Sources */ = {isa = PBXBuildFile; fileRef = A64F36AA76374A659EF177ED /* IonicConstant.m */; };
		1969E985674C4DAE9173B076 /* IonicDeploy.m in Sources */ = {isa = PBXBuildFile; fileRef = A38CCD25C4B142DC9E71434D /* IonicDeploy.m */; };
		D9DEF7E960F34DFDA4BC14EA /* Download.m in Sources */ = {isa = PBXBuildFile; fileRef = 206C27F62A234AD0A7E63E10 /* Download.m */; };
		0B08DD55995345B683A8CB74 /* DownloadManager.m in Sources */ = {isa = PBXBuildFile; fileRef = DB6BE975863249B495079323 /* DownloadManager.m */; };
		E30398A5FC284126A0C0799D /* SSZipArchive.m in Sources */ = {isa = PBXBuildFile; fileRef = 33D2A6127EE34E69885563F4 /* SSZipArchive.m */; };
		3864E5E7DB904A959F83C79B /* ioapi.c in Resources */ = {isa = PBXBuildFile; fileRef = 5C08CFE55306489DB771D11C /* ioapi.c */; };
		F4D8165C04AA40C390BFE542 /* unzip.c in Resources */ = {isa = PBXBuildFile; fileRef = CD409565630543FFAD9D40ED /* unzip.c */; };
		A0E5C5722422476393F06431 /* zip.c in Resources */ = {isa = PBXBuildFile; fileRef = B015BCE6C25543399B98FF31 /* zip.c */; };
		3555773C01AD428FB2AA812C /* adler32.c in Resources */ = {isa = PBXBuildFile; fileRef = 447BA053875347C987CED41C /* adler32.c */; };
		85AA5DB908CB49C5A7A1B365 /* compress.c in Resources */ = {isa = PBXBuildFile; fileRef = 867BFEDA56E1454E81351608 /* compress.c */; };
		230AB8592C2647769DCDE0D2 /* crc32.c in Resources */ = {isa = PBXBuildFile; fileRef = 945C283D71134EB8B5AF1EE4 /* crc32.c */; };
		15B87868FC7D4E109354EA9D /* deflate.c in Resources */ = {isa = PBXBuildFile; fileRef = 1D8028E8A10F4D188D8654A5 /* deflate.c */; };
		F43BB9CBEFB2414F90590D4D /* gzclose.c in Resources */ = {isa = PBXBuildFile; fileRef = 63A22CCC37284A1F80AAA774 /* gzclose.c */; };
		2499328061774F92BA5A7826 /* gzlib.c in Resources */ = {isa = PBXBuildFile; fileRef = 2FF6074CD4B44AEF85F7E1AC /* gzlib.c */; };
		BCDEDE87211E4121A1387B9E /* gzread.c in Resources */ = {isa = PBXBuildFile; fileRef = 6185F826EED04C9DB537A8B0 /* gzread.c */; };
		ABABC126554E4E3E9EE63E64 /* gzwrite.c in Resources */ = {isa = PBXBuildFile; fileRef = 0A5096D9C3A0431EB760FBB9 /* gzwrite.c */; };
		1AB0E2F7B3B74E5F97B63D54 /* infback.c in Resources */ = {isa = PBXBuildFile; fileRef = 01E3A91A41AC4C3A8A57326E /* infback.c */; };
		A4D10727B09F42A0A6C6D127 /* inffast.c in Resources */ = {isa = PBXBuildFile; fileRef = 4028EDA81E21426BAD968057 /* inffast.c */; };
		FA5B5C3F09C5459CB782143D /* inflate.c in Resources */ = {isa = PBXBuildFile; fileRef = C4CE310FF10B4039ABBC5910 /* inflate.c */; };
		D74050CB188742B5B146EBE9 /* inftrees.c in Resources */ = {isa = PBXBuildFile; fileRef = ECDDA7DA1455492B84CC9AB1 /* inftrees.c */; };
		D0B451AFF410493786E927D5 /* trees.c in Resources */ = {isa = PBXBuildFile; fileRef = EA499FF87447479FB0F15D6F /* trees.c */; };
		03DE7916A09A4F5DB66896A0 /* uncompr.c in Resources */ = {isa = PBXBuildFile; fileRef = 9AA691286F2748E78D8F3BC9 /* uncompr.c */; };
		874CF2E6DC334C18A6150878 /* zutil.c in Resources */ = {isa = PBXBuildFile; fileRef = 369F83C965E9413F817AB95C /* zutil.c */; };
		1569A45F515C4CA780C4EE8A /* Base64.m in Sources */ = {isa = PBXBuildFile; fileRef = 75C5F226AB7848788447EEA3 /* Base64.m */; };
		7D53E664CBA34A08BF73401D /* UNIHTTPClientHelper.m in Sources */ = {isa = PBXBuildFile; fileRef = 56D5BE4791454068BDE2AC85 /* UNIHTTPClientHelper.m */; };
		6AEE4980EF3B459DA54C183C /* UNIHTTPRequest.m in Sources */ = {isa = PBXBuildFile; fileRef = B54C96AE185246B3A993D959 /* UNIHTTPRequest.m */; };
		7F1A9DFBD05B462CA61EC3F1 /* UNIHTTPRequestWithBody.m in Sources */ = {isa = PBXBuildFile; fileRef = DAFE8D46CEA3499DA18D65FE /* UNIHTTPRequestWithBody.m */; };
		F4007A6BF36047A3BE891626 /* UNIRest.m in Sources */ = {isa = PBXBuildFile; fileRef = 77AD0E8BE6D242FD8A3262AF /* UNIRest.m */; };
		06D435DB0EBF42D18E0AAB76 /* UNIUrlConnection.m in Sources */ = {isa = PBXBuildFile; fileRef = 175253F8F5E241718043C6E3 /* UNIUrlConnection.m */; };
		69980C75FB3140579C53BC38 /* UNIBaseRequest.m in Sources */ = {isa = PBXBuildFile; fileRef = F9CF838DDD214877890271EF /* UNIBaseRequest.m */; };
		139F28EFF9594862B70F26D2 /* UNIBodyRequest.m in Sources */ = {isa = PBXBuildFile; fileRef = 36D3B1D9C82E480E84400BD6 /* UNIBodyRequest.m */; };
		773E803EF244413BBF5F3FB7 /* UNISimpleRequest.m in Sources */ = {isa = PBXBuildFile; fileRef = 60389CFEB594471F8E91E266 /* UNISimpleRequest.m */; };
		CB63936594EF4AF5987C172C /* UNIHTTPBinaryResponse.m in Sources */ = {isa = PBXBuildFile; fileRef = 0C0FCE3D13EA4397ACB75DFB /* UNIHTTPBinaryResponse.m */; };
		CDC960A4C2FC4C8280AC3F51 /* UNIHTTPJsonResponse.m in Sources */ = {isa = PBXBuildFile; fileRef = B9108028F53D498994232D7C /* UNIHTTPJsonResponse.m */; };
		FA81BCA7382D47F0BE1697B1 /* UNIHTTPResponse.m in Sources */ = {isa = PBXBuildFile; fileRef = C0FCD7C1C4614B56BB3E29B3 /* UNIHTTPResponse.m */; };
		59676F617336426284132995 /* UNIHTTPStringResponse.m in Sources */ = {isa = PBXBuildFile; fileRef = 9D6951542BD74B0092897235 /* UNIHTTPStringResponse.m */; };
		0A7382E11F1841A58C9DA2DD /* UNIJsonNode.m in Sources */ = {isa = PBXBuildFile; fileRef = 81202C30DAB24D0EB5AA4AA9 /* UNIJsonNode.m */; };
		6AE46B4AFB184C6F82D79DCB /* IonicCordovaCommon.swift in Sources */ = {isa = PBXBuildFile; fileRef = 9DDD1974C7BB4EE195D966B4 /* IonicCordovaCommon.swift */; };
/* End PBXBuildFile section */

/* Begin PBXContainerItemProxy section */
		301BF534109A57CC0062928A /* PBXContainerItemProxy */ = {
			isa = PBXContainerItemProxy;
			containerPortal = 301BF52D109A57CC0062928A /* CordovaLib.xcodeproj */;
			proxyType = 2;
			remoteGlobalIDString = D2AAC07E0554694100DB518D;
			remoteInfo = CordovaLib;
		};
		301BF550109A68C00062928A /* PBXContainerItemProxy */ = {
			isa = PBXContainerItemProxy;
			containerPortal = 301BF52D109A57CC0062928A /* CordovaLib.xcodeproj */;
			proxyType = 1;
			remoteGlobalIDString = D2AAC07D0554694100DB518D;
			remoteInfo = CordovaLib;
		};
/* End PBXContainerItemProxy section */

/* Begin PBXFileReference section */
		0207DA571B56EA530066E2B4 /* Images.xcassets */ = {isa = PBXFileReference; lastKnownFileType = folder.assetcatalog; name = Images.xcassets; path = "Smart Feed/Images.xcassets"; sourceTree = SOURCE_ROOT; };
		1D3623240D0F684500981E51 /* AppDelegate.h */ = {isa = PBXFileReference; fileEncoding = 4; lastKnownFileType = sourcecode.c.h; path = AppDelegate.h; sourceTree = "<group>"; };
		1D3623250D0F684500981E51 /* AppDelegate.m */ = {isa = PBXFileReference; fileEncoding = 4; lastKnownFileType = sourcecode.c.objc; path = AppDelegate.m; sourceTree = "<group>"; };
		1D6058910D05DD3D006BFB54 /* Smart Feed.app */ = {isa = PBXFileReference; explicitFileType = wrapper.application; includeInIndex = 0; path = "Smart Feed.app"; sourceTree = BUILT_PRODUCTS_DIR; };
		29B97316FDCFA39411CA2CEA /* main.m */ = {isa = PBXFileReference; fileEncoding = 4; lastKnownFileType = sourcecode.c.objc; path = main.m; sourceTree = "<group>"; };
		301BF52D109A57CC0062928A /* CordovaLib.xcodeproj */ = {isa = PBXFileReference; lastKnownFileType = "wrapper.pb-project"; name = CordovaLib.xcodeproj; path = CordovaLib/CordovaLib.xcodeproj; sourceTree = "<group>"; };
		301BF56E109A69640062928A /* www */ = {isa = PBXFileReference; lastKnownFileType = folder; path = www; sourceTree = SOURCE_ROOT; };
		302D95EE14D2391D003F00A1 /* MainViewController.h */ = {isa = PBXFileReference; fileEncoding = 4; lastKnownFileType = sourcecode.c.h; path = MainViewController.h; sourceTree = "<group>"; };
		302D95EF14D2391D003F00A1 /* MainViewController.m */ = {isa = PBXFileReference; fileEncoding = 4; lastKnownFileType = sourcecode.c.objc; path = MainViewController.m; sourceTree = "<group>"; };
		302D95F014D2391D003F00A1 /* MainViewController.xib */ = {isa = PBXFileReference; fileEncoding = 4; lastKnownFileType = file.xib; path = MainViewController.xib; sourceTree = "<group>"; };
		3047A50F1AB8059700498E2A /* build-debug.xcconfig */ = {isa = PBXFileReference; fileEncoding = 4; lastKnownFileType = text.xcconfig; name = "build-debug.xcconfig"; path = cordova/build-debug.xcconfig; sourceTree = SOURCE_ROOT; };
		3047A5101AB8059700498E2A /* build-release.xcconfig */ = {isa = PBXFileReference; fileEncoding = 4; lastKnownFileType = text.xcconfig; name = "build-release.xcconfig"; path = cordova/build-release.xcconfig; sourceTree = SOURCE_ROOT; };
		3047A5111AB8059700498E2A /* build.xcconfig */ = {isa = PBXFileReference; fileEncoding = 4; lastKnownFileType = text.xcconfig; name = build.xcconfig; path = cordova/build.xcconfig; sourceTree = SOURCE_ROOT; };
		32CA4F630368D1EE00C91783 /* Smart Feed-Prefix.pch */ = {isa = PBXFileReference; fileEncoding = 4; lastKnownFileType = sourcecode.c.h; path = "Smart Feed-Prefix.pch"; sourceTree = "<group>"; };
		6AFF5BF81D6E424B00AB3073 /* CDVLaunchScreen.storyboard */ = {isa = PBXFileReference; fileEncoding = 4; lastKnownFileType = file.storyboard; name = CDVLaunchScreen.storyboard; path = "Smart Feed/CDVLaunchScreen.storyboard"; sourceTree = SOURCE_ROOT; };
		8D1107310486CEB800E47090 /* Smart Feed-Info.plist */ = {isa = PBXFileReference; fileEncoding = 4; lastKnownFileType = text.plist.xml; name = "Smart Feed-Info.plist"; path = "Smart Feed/Smart Feed-Info.plist"; plistStructureDefinitionIdentifier = "com.apple.xcode.plist.structure-definition.iphone.info-plist"; sourceTree = SOURCE_ROOT; };
		EB87FDF31871DA8E0020F90C /* www */ = {isa = PBXFileReference; lastKnownFileType = folder; name = www; path = ../../www; sourceTree = "<group>"; };
		EB87FDF41871DAF40020F90C /* config.xml */ = {isa = PBXFileReference; lastKnownFileType = text.xml; name = config.xml; path = ../../config.xml; sourceTree = "<group>"; };
		F840E1F0165FE0F500CFE078 /* config.xml */ = {isa = PBXFileReference; lastKnownFileType = text.xml; name = config.xml; path = "Smart Feed/config.xml"; sourceTree = "<group>"; };
		ED33DF2A687741AEAF9F8254 /* Bridging-Header.h */ = {isa = PBXFileReference; fileEncoding = 4; lastKnownFileType = sourcecode.c.h; name = "Bridging-Header.h"; path = "Bridging-Header.h"; sourceTree = "<group>"; };
		9236E2DA341847339CDC728F /* AddressBook.framework */ = {isa = PBXFileReference; name = "AddressBook.framework"; path = "System/Library/Frameworks/AddressBook.framework"; sourceTree = SDKROOT; fileEncoding = undefined; lastKnownFileType = wrapper.framework; explicitFileType = undefined; includeInIndex = 0; };
		CE2CCD01103846AD95C0B0BA /* AppDelegate+notification.m */ = {isa = PBXFileReference; name = "AppDelegate+notification.m"; path = "phonegap-plugin-push/AppDelegate+notification.m"; sourceTree = "<group>"; fileEncoding = 4; lastKnownFileType = sourcecode.c.objc; explicitFileType = undefined; includeInIndex = 0; };
		BD687904A31B4481803F8428 /* PushPlugin.m */ = {isa = PBXFileReference; name = "PushPlugin.m"; path = "phonegap-plugin-push/PushPlugin.m"; sourceTree = "<group>"; fileEncoding = 4; lastKnownFileType = sourcecode.c.objc; explicitFileType = undefined; includeInIndex = 0; };
		AE8A47717022471AB82B05A9 /* AppDelegate+notification.h */ = {isa = PBXFileReference; name = "AppDelegate+notification.h"; path = "phonegap-plugin-push/AppDelegate+notification.h"; sourceTree = "<group>"; fileEncoding = 4; lastKnownFileType = sourcecode.c.h; explicitFileType = undefined; includeInIndex = 0; };
		0AD632E3969F4D2A96466129 /* PushPlugin.h */ = {isa = PBXFileReference; name = "PushPlugin.h"; path = "phonegap-plugin-push/PushPlugin.h"; sourceTree = "<group>"; fileEncoding = 4; lastKnownFileType = sourcecode.c.h; explicitFileType = undefined; includeInIndex = 0; };
		B5612DF1A19D4FADBC66C5DC /* libsqlite3.tbd */ = {isa = PBXFileReference; name = "libsqlite3.tbd"; path = "usr/lib/libsqlite3.tbd"; sourceTree = SDKROOT; fileEncoding = undefined; lastKnownFileType = sourcecode.text-based-dylib-definition; explicitFileType = undefined; includeInIndex = 0; };
		55598563FA5C47F5B2AAE08C /* libz.tbd */ = {isa = PBXFileReference; name = "libz.tbd"; path = "usr/lib/libz.tbd"; sourceTree = SDKROOT; fileEncoding = undefined; lastKnownFileType = sourcecode.text-based-dylib-definition; explicitFileType = undefined; includeInIndex = 0; };
		9B74370B426942D2AFD28F49 /* OneSignalPush.m */ = {isa = PBXFileReference; name = "OneSignalPush.m"; path = "onesignal-cordova-plugin/OneSignalPush.m"; sourceTree = "<group>"; fileEncoding = 4; lastKnownFileType = sourcecode.c.objc; explicitFileType = undefined; includeInIndex = 0; };
		A118DCB6C9BF418A8B0D7F46 /* OneSignalPush.h */ = {isa = PBXFileReference; name = "OneSignalPush.h"; path = "onesignal-cordova-plugin/OneSignalPush.h"; sourceTree = "<group>"; fileEncoding = 4; lastKnownFileType = sourcecode.c.h; explicitFileType = undefined; includeInIndex = 0; };
		A40E4BE9AFED421EA8BD7065 /* SystemConfiguration.framework */ = {isa = PBXFileReference; name = "SystemConfiguration.framework"; path = "System/Library/Frameworks/SystemConfiguration.framework"; sourceTree = SDKROOT; fileEncoding = undefined; lastKnownFileType = wrapper.framework; explicitFileType = undefined; includeInIndex = 0; };
		34B6604814674B428A827D4F /* APPPrinter.m */ = {isa = PBXFileReference; name = "APPPrinter.m"; path = "cordova-plugin-printer/APPPrinter.m"; sourceTree = "<group>"; fileEncoding = 4; lastKnownFileType = sourcecode.c.objc; explicitFileType = undefined; includeInIndex = 0; };
		183C9008C9BD432B993021F5 /* APPPrinter.h */ = {isa = PBXFileReference; name = "APPPrinter.h"; path = "cordova-plugin-printer/APPPrinter.h"; sourceTree = "<group>"; fileEncoding = 4; lastKnownFileType = sourcecode.c.h; explicitFileType = undefined; includeInIndex = 0; };
		F16F452D7A2C49C4956A3CE8 /* CDVWKWebViewEngine.m */ = {isa = PBXFileReference; name = "CDVWKWebViewEngine.m"; path = "cordova-plugin-ionic-webview/CDVWKWebViewEngine.m"; sourceTree = "<group>"; fileEncoding = 4; lastKnownFileType = sourcecode.c.objc; explicitFileType = undefined; includeInIndex = 0; };
		8FC21A8E59C240F5838EFDA6 /* CDVWKWebViewUIDelegate.m */ = {isa = PBXFileReference; name = "CDVWKWebViewUIDelegate.m"; path = "cordova-plugin-ionic-webview/CDVWKWebViewUIDelegate.m"; sourceTree = "<group>"; fileEncoding = 4; lastKnownFileType = sourcecode.c.objc; explicitFileType = undefined; includeInIndex = 0; };
		6634132BD36A46AEA4604A9E /* CDVWKProcessPoolFactory.m */ = {isa = PBXFileReference; name = "CDVWKProcessPoolFactory.m"; path = "cordova-plugin-ionic-webview/CDVWKProcessPoolFactory.m"; sourceTree = "<group>"; fileEncoding = 4; lastKnownFileType = sourcecode.c.objc; explicitFileType = undefined; includeInIndex = 0; };
		EB2E935B261B4A8897AA1F10 /* GCDWebServer.m */ = {isa = PBXFileReference; name = "GCDWebServer.m"; path = "cordova-plugin-ionic-webview/GCDWebServer.m"; sourceTree = "<group>"; fileEncoding = 4; lastKnownFileType = sourcecode.c.objc; explicitFileType = undefined; includeInIndex = 0; };
		072EA16FE19F473C909A09ED /* GCDWebServerConnection.m */ = {isa = PBXFileReference; name = "GCDWebServerConnection.m"; path = "cordova-plugin-ionic-webview/GCDWebServerConnection.m"; sourceTree = "<group>"; fileEncoding = 4; lastKnownFileType = sourcecode.c.objc; explicitFileType = undefined; includeInIndex = 0; };
		E16FE528FCE0476C909301A1 /* GCDWebServerFunctions.m */ = {isa = PBXFileReference; name = "GCDWebServerFunctions.m"; path = "cordova-plugin-ionic-webview/GCDWebServerFunctions.m"; sourceTree = "<group>"; fileEncoding = 4; lastKnownFileType = sourcecode.c.objc; explicitFileType = undefined; includeInIndex = 0; };
		79E6B5DA0AD74BF2A013391C /* GCDWebServerRequest.m */ = {isa = PBXFileReference; name = "GCDWebServerRequest.m"; path = "cordova-plugin-ionic-webview/GCDWebServerRequest.m"; sourceTree = "<group>"; fileEncoding = 4; lastKnownFileType = sourcecode.c.objc; explicitFileType = undefined; includeInIndex = 0; };
		E39611CB1B1C49C4BE5A0B89 /* GCDWebServerResponse.m */ = {isa = PBXFileReference; name = "GCDWebServerResponse.m"; path = "cordova-plugin-ionic-webview/GCDWebServerResponse.m"; sourceTree = "<group>"; fileEncoding = 4; lastKnownFileType = sourcecode.c.objc; explicitFileType = undefined; includeInIndex = 0; };
		314E3D7D17924D87B77A620B /* GCDWebServerDataRequest.m */ = {isa = PBXFileReference; name = "GCDWebServerDataRequest.m"; path = "cordova-plugin-ionic-webview/GCDWebServerDataRequest.m"; sourceTree = "<group>"; fileEncoding = 4; lastKnownFileType = sourcecode.c.objc; explicitFileType = undefined; includeInIndex = 0; };
		D8F4639C6CF241799E19960A /* GCDWebServerFileRequest.m */ = {isa = PBXFileReference; name = "GCDWebServerFileRequest.m"; path = "cordova-plugin-ionic-webview/GCDWebServerFileRequest.m"; sourceTree = "<group>"; fileEncoding = 4; lastKnownFileType = sourcecode.c.objc; explicitFileType = undefined; includeInIndex = 0; };
		A032A913364A47358813B261 /* GCDWebServerMultiPartFormRequest.m */ = {isa = PBXFileReference; name = "GCDWebServerMultiPartFormRequest.m"; path = "cordova-plugin-ionic-webview/GCDWebServerMultiPartFormRequest.m"; sourceTree = "<group>"; fileEncoding = 4; lastKnownFileType = sourcecode.c.objc; explicitFileType = undefined; includeInIndex = 0; };
		6EDF30B80B5846E2845F6454 /* GCDWebServerURLEncodedFormRequest.m */ = {isa = PBXFileReference; name = "GCDWebServerURLEncodedFormRequest.m"; path = "cordova-plugin-ionic-webview/GCDWebServerURLEncodedFormRequest.m"; sourceTree = "<group>"; fileEncoding = 4; lastKnownFileType = sourcecode.c.objc; explicitFileType = undefined; includeInIndex = 0; };
		603C2808B7A548F182EFFAFA /* GCDWebServerDataResponse.m */ = {isa = PBXFileReference; name = "GCDWebServerDataResponse.m"; path = "cordova-plugin-ionic-webview/GCDWebServerDataResponse.m"; sourceTree = "<group>"; fileEncoding = 4; lastKnownFileType = sourcecode.c.objc; explicitFileType = undefined; includeInIndex = 0; };
		B437A2BFF52A47A698014BDB /* GCDWebServerErrorResponse.m */ = {isa = PBXFileReference; name = "GCDWebServerErrorResponse.m"; path = "cordova-plugin-ionic-webview/GCDWebServerErrorResponse.m"; sourceTree = "<group>"; fileEncoding = 4; lastKnownFileType = sourcecode.c.objc; explicitFileType = undefined; includeInIndex = 0; };
		3CEEEA2930844A448825DFC7 /* GCDWebServerFileResponse.m */ = {isa = PBXFileReference; name = "GCDWebServerFileResponse.m"; path = "cordova-plugin-ionic-webview/GCDWebServerFileResponse.m"; sourceTree = "<group>"; fileEncoding = 4; lastKnownFileType = sourcecode.c.objc; explicitFileType = undefined; includeInIndex = 0; };
		83220084991E47EDB2D78FB1 /* GCDWebServerStreamedResponse.m */ = {isa = PBXFileReference; name = "GCDWebServerStreamedResponse.m"; path = "cordova-plugin-ionic-webview/GCDWebServerStreamedResponse.m"; sourceTree = "<group>"; fileEncoding = 4; lastKnownFileType = sourcecode.c.objc; explicitFileType = undefined; includeInIndex = 0; };
		4535144FB2D44D1EA967D77B /* CDVWKWebViewEngine.h */ = {isa = PBXFileReference; name = "CDVWKWebViewEngine.h"; path = "cordova-plugin-ionic-webview/CDVWKWebViewEngine.h"; sourceTree = "<group>"; fileEncoding = 4; lastKnownFileType = sourcecode.c.h; explicitFileType = undefined; includeInIndex = 0; };
		C3326F05052E4EF599F292C9 /* CDVWKWebViewUIDelegate.h */ = {isa = PBXFileReference; name = "CDVWKWebViewUIDelegate.h"; path = "cordova-plugin-ionic-webview/CDVWKWebViewUIDelegate.h"; sourceTree = "<group>"; fileEncoding = 4; lastKnownFileType = sourcecode.c.h; explicitFileType = undefined; includeInIndex = 0; };
		D2B61C7A17114B68A32FFC9B /* CDVWKProcessPoolFactory.h */ = {isa = PBXFileReference; name = "CDVWKProcessPoolFactory.h"; path = "cordova-plugin-ionic-webview/CDVWKProcessPoolFactory.h"; sourceTree = "<group>"; fileEncoding = 4; lastKnownFileType = sourcecode.c.h; explicitFileType = undefined; includeInIndex = 0; };
		1AB7D2A8DBAA421A95B4352B /* GCDWebServer.h */ = {isa = PBXFileReference; name = "GCDWebServer.h"; path = "cordova-plugin-ionic-webview/GCDWebServer.h"; sourceTree = "<group>"; fileEncoding = 4; lastKnownFileType = sourcecode.c.h; explicitFileType = undefined; includeInIndex = 0; };
		C971B09624EE4022BB4B8F20 /* GCDWebServerConnection.h */ = {isa = PBXFileReference; name = "GCDWebServerConnection.h"; path = "cordova-plugin-ionic-webview/GCDWebServerConnection.h"; sourceTree = "<group>"; fileEncoding = 4; lastKnownFileType = sourcecode.c.h; explicitFileType = undefined; includeInIndex = 0; };
		F24420BEB59645148FBC0A6B /* GCDWebServerFunctions.h */ = {isa = PBXFileReference; name = "GCDWebServerFunctions.h"; path = "cordova-plugin-ionic-webview/GCDWebServerFunctions.h"; sourceTree = "<group>"; fileEncoding = 4; lastKnownFileType = sourcecode.c.h; explicitFileType = undefined; includeInIndex = 0; };
		FDBB52E8D9B94DF38CA425AF /* GCDWebServerHTTPStatusCodes.h */ = {isa = PBXFileReference; name = "GCDWebServerHTTPStatusCodes.h"; path = "cordova-plugin-ionic-webview/GCDWebServerHTTPStatusCodes.h"; sourceTree = "<group>"; fileEncoding = 4; lastKnownFileType = sourcecode.c.h; explicitFileType = undefined; includeInIndex = 0; };
		C27644BAEEC541478C9FA0EE /* GCDWebServerPrivate.h */ = {isa = PBXFileReference; name = "GCDWebServerPrivate.h"; path = "cordova-plugin-ionic-webview/GCDWebServerPrivate.h"; sourceTree = "<group>"; fileEncoding = 4; lastKnownFileType = sourcecode.c.h; explicitFileType = undefined; includeInIndex = 0; };
		53D52349C49B4C6580D5A89C /* GCDWebServerRequest.h */ = {isa = PBXFileReference; name = "GCDWebServerRequest.h"; path = "cordova-plugin-ionic-webview/GCDWebServerRequest.h"; sourceTree = "<group>"; fileEncoding = 4; lastKnownFileType = sourcecode.c.h; explicitFileType = undefined; includeInIndex = 0; };
		C10C0DFB5FBD41568DCFA3AF /* GCDWebServerResponse.h */ = {isa = PBXFileReference; name = "GCDWebServerResponse.h"; path = "cordova-plugin-ionic-webview/GCDWebServerResponse.h"; sourceTree = "<group>"; fileEncoding = 4; lastKnownFileType = sourcecode.c.h; explicitFileType = undefined; includeInIndex = 0; };
		A5CFFECF8CBA4CE69816A10F /* GCDWebServerDataRequest.h */ = {isa = PBXFileReference; name = "GCDWebServerDataRequest.h"; path = "cordova-plugin-ionic-webview/GCDWebServerDataRequest.h"; sourceTree = "<group>"; fileEncoding = 4; lastKnownFileType = sourcecode.c.h; explicitFileType = undefined; includeInIndex = 0; };
		8B8BFD616A56499599DB59B8 /* GCDWebServerFileRequest.h */ = {isa = PBXFileReference; name = "GCDWebServerFileRequest.h"; path = "cordova-plugin-ionic-webview/GCDWebServerFileRequest.h"; sourceTree = "<group>"; fileEncoding = 4; lastKnownFileType = sourcecode.c.h; explicitFileType = undefined; includeInIndex = 0; };
		DA4ADED25E184DE19C58EB44 /* GCDWebServerMultiPartFormRequest.h */ = {isa = PBXFileReference; name = "GCDWebServerMultiPartFormRequest.h"; path = "cordova-plugin-ionic-webview/GCDWebServerMultiPartFormRequest.h"; sourceTree = "<group>"; fileEncoding = 4; lastKnownFileType = sourcecode.c.h; explicitFileType = undefined; includeInIndex = 0; };
		912A681DF9EE41AC89A91B68 /* GCDWebServerURLEncodedFormRequest.h */ = {isa = PBXFileReference; name = "GCDWebServerURLEncodedFormRequest.h"; path = "cordova-plugin-ionic-webview/GCDWebServerURLEncodedFormRequest.h"; sourceTree = "<group>"; fileEncoding = 4; lastKnownFileType = sourcecode.c.h; explicitFileType = undefined; includeInIndex = 0; };
		CD5A8A50F04E4504AF088574 /* GCDWebServerDataResponse.h */ = {isa = PBXFileReference; name = "GCDWebServerDataResponse.h"; path = "cordova-plugin-ionic-webview/GCDWebServerDataResponse.h"; sourceTree = "<group>"; fileEncoding = 4; lastKnownFileType = sourcecode.c.h; explicitFileType = undefined; includeInIndex = 0; };
		6C8842131B3D44FB86053E47 /* GCDWebServerErrorResponse.h */ = {isa = PBXFileReference; name = "GCDWebServerErrorResponse.h"; path = "cordova-plugin-ionic-webview/GCDWebServerErrorResponse.h"; sourceTree = "<group>"; fileEncoding = 4; lastKnownFileType = sourcecode.c.h; explicitFileType = undefined; includeInIndex = 0; };
		86309282A0C1448985A78C4E /* GCDWebServerFileResponse.h */ = {isa = PBXFileReference; name = "GCDWebServerFileResponse.h"; path = "cordova-plugin-ionic-webview/GCDWebServerFileResponse.h"; sourceTree = "<group>"; fileEncoding = 4; lastKnownFileType = sourcecode.c.h; explicitFileType = undefined; includeInIndex = 0; };
		1EB2CF3E574547318293C944 /* GCDWebServerStreamedResponse.h */ = {isa = PBXFileReference; name = "GCDWebServerStreamedResponse.h"; path = "cordova-plugin-ionic-webview/GCDWebServerStreamedResponse.h"; sourceTree = "<group>"; fileEncoding = 4; lastKnownFileType = sourcecode.c.h; explicitFileType = undefined; includeInIndex = 0; };
		AA43621AB4AC4D08A11E5E78 /* WebKit.framework */ = {isa = PBXFileReference; name = "WebKit.framework"; path = "System/Library/Frameworks/WebKit.framework"; sourceTree = SDKROOT; fileEncoding = undefined; lastKnownFileType = wrapper.framework; explicitFileType = undefined; includeInIndex = 0; };
		5746ECB707274D068F10C1E5 /* CDVSplashScreen+IonicDeploy.m */ = {isa = PBXFileReference; name = "CDVSplashScreen+IonicDeploy.m"; path = "cordova-plugin-ionic/CDVSplashScreen+IonicDeploy.m"; sourceTree = "<group>"; fileEncoding = 4; lastKnownFileType = sourcecode.c.objc; explicitFileType = undefined; includeInIndex = 0; };
		A64F36AA76374A659EF177ED /* IonicConstant.m */ = {isa = PBXFileReference; name = "IonicConstant.m"; path = "cordova-plugin-ionic/IonicConstant.m"; sourceTree = "<group>"; fileEncoding = 4; lastKnownFileType = sourcecode.c.objc; explicitFileType = undefined; includeInIndex = 0; };
		A38CCD25C4B142DC9E71434D /* IonicDeploy.m */ = {isa = PBXFileReference; name = "IonicDeploy.m"; path = "cordova-plugin-ionic/IonicDeploy.m"; sourceTree = "<group>"; fileEncoding = 4; lastKnownFileType = sourcecode.c.objc; explicitFileType = undefined; includeInIndex = 0; };
		206C27F62A234AD0A7E63E10 /* Download.m */ = {isa = PBXFileReference; name = "Download.m"; path = "cordova-plugin-ionic/Download.m"; sourceTree = "<group>"; fileEncoding = 4; lastKnownFileType = sourcecode.c.objc; explicitFileType = undefined; includeInIndex = 0; };
		DB6BE975863249B495079323 /* DownloadManager.m */ = {isa = PBXFileReference; name = "DownloadManager.m"; path = "cordova-plugin-ionic/DownloadManager.m"; sourceTree = "<group>"; fileEncoding = 4; lastKnownFileType = sourcecode.c.objc; explicitFileType = undefined; includeInIndex = 0; };
		33D2A6127EE34E69885563F4 /* SSZipArchive.m */ = {isa = PBXFileReference; name = "SSZipArchive.m"; path = "cordova-plugin-ionic/SSZipArchive.m"; sourceTree = "<group>"; fileEncoding = 4; lastKnownFileType = sourcecode.c.objc; explicitFileType = undefined; includeInIndex = 0; };
		5C08CFE55306489DB771D11C /* ioapi.c */ = {isa = PBXFileReference; name = "ioapi.c"; path = "cordova-plugin-ionic/ioapi.c"; sourceTree = "<group>"; fileEncoding = undefined; lastKnownFileType = unknown; explicitFileType = undefined; includeInIndex = 0; };
		CD409565630543FFAD9D40ED /* unzip.c */ = {isa = PBXFileReference; name = "unzip.c"; path = "cordova-plugin-ionic/unzip.c"; sourceTree = "<group>"; fileEncoding = undefined; lastKnownFileType = unknown; explicitFileType = undefined; includeInIndex = 0; };
		B015BCE6C25543399B98FF31 /* zip.c */ = {isa = PBXFileReference; name = "zip.c"; path = "cordova-plugin-ionic/zip.c"; sourceTree = "<group>"; fileEncoding = undefined; lastKnownFileType = unknown; explicitFileType = undefined; includeInIndex = 0; };
		447BA053875347C987CED41C /* adler32.c */ = {isa = PBXFileReference; name = "adler32.c"; path = "cordova-plugin-ionic/adler32.c"; sourceTree = "<group>"; fileEncoding = undefined; lastKnownFileType = unknown; explicitFileType = undefined; includeInIndex = 0; };
		867BFEDA56E1454E81351608 /* compress.c */ = {isa = PBXFileReference; name = "compress.c"; path = "cordova-plugin-ionic/compress.c"; sourceTree = "<group>"; fileEncoding = undefined; lastKnownFileType = unknown; explicitFileType = undefined; includeInIndex = 0; };
		945C283D71134EB8B5AF1EE4 /* crc32.c */ = {isa = PBXFileReference; name = "crc32.c"; path = "cordova-plugin-ionic/crc32.c"; sourceTree = "<group>"; fileEncoding = undefined; lastKnownFileType = unknown; explicitFileType = undefined; includeInIndex = 0; };
		1D8028E8A10F4D188D8654A5 /* deflate.c */ = {isa = PBXFileReference; name = "deflate.c"; path = "cordova-plugin-ionic/deflate.c"; sourceTree = "<group>"; fileEncoding = undefined; lastKnownFileType = unknown; explicitFileType = undefined; includeInIndex = 0; };
		63A22CCC37284A1F80AAA774 /* gzclose.c */ = {isa = PBXFileReference; name = "gzclose.c"; path = "cordova-plugin-ionic/gzclose.c"; sourceTree = "<group>"; fileEncoding = undefined; lastKnownFileType = unknown; explicitFileType = undefined; includeInIndex = 0; };
		2FF6074CD4B44AEF85F7E1AC /* gzlib.c */ = {isa = PBXFileReference; name = "gzlib.c"; path = "cordova-plugin-ionic/gzlib.c"; sourceTree = "<group>"; fileEncoding = undefined; lastKnownFileType = unknown; explicitFileType = undefined; includeInIndex = 0; };
		6185F826EED04C9DB537A8B0 /* gzread.c */ = {isa = PBXFileReference; name = "gzread.c"; path = "cordova-plugin-ionic/gzread.c"; sourceTree = "<group>"; fileEncoding = undefined; lastKnownFileType = unknown; explicitFileType = undefined; includeInIndex = 0; };
		0A5096D9C3A0431EB760FBB9 /* gzwrite.c */ = {isa = PBXFileReference; name = "gzwrite.c"; path = "cordova-plugin-ionic/gzwrite.c"; sourceTree = "<group>"; fileEncoding = undefined; lastKnownFileType = unknown; explicitFileType = undefined; includeInIndex = 0; };
		01E3A91A41AC4C3A8A57326E /* infback.c */ = {isa = PBXFileReference; name = "infback.c"; path = "cordova-plugin-ionic/infback.c"; sourceTree = "<group>"; fileEncoding = undefined; lastKnownFileType = unknown; explicitFileType = undefined; includeInIndex = 0; };
		4028EDA81E21426BAD968057 /* inffast.c */ = {isa = PBXFileReference; name = "inffast.c"; path = "cordova-plugin-ionic/inffast.c"; sourceTree = "<group>"; fileEncoding = undefined; lastKnownFileType = unknown; explicitFileType = undefined; includeInIndex = 0; };
		C4CE310FF10B4039ABBC5910 /* inflate.c */ = {isa = PBXFileReference; name = "inflate.c"; path = "cordova-plugin-ionic/inflate.c"; sourceTree = "<group>"; fileEncoding = undefined; lastKnownFileType = unknown; explicitFileType = undefined; includeInIndex = 0; };
		ECDDA7DA1455492B84CC9AB1 /* inftrees.c */ = {isa = PBXFileReference; name = "inftrees.c"; path = "cordova-plugin-ionic/inftrees.c"; sourceTree = "<group>"; fileEncoding = undefined; lastKnownFileType = unknown; explicitFileType = undefined; includeInIndex = 0; };
		EA499FF87447479FB0F15D6F /* trees.c */ = {isa = PBXFileReference; name = "trees.c"; path = "cordova-plugin-ionic/trees.c"; sourceTree = "<group>"; fileEncoding = undefined; lastKnownFileType = unknown; explicitFileType = undefined; includeInIndex = 0; };
		9AA691286F2748E78D8F3BC9 /* uncompr.c */ = {isa = PBXFileReference; name = "uncompr.c"; path = "cordova-plugin-ionic/uncompr.c"; sourceTree = "<group>"; fileEncoding = undefined; lastKnownFileType = unknown; explicitFileType = undefined; includeInIndex = 0; };
		369F83C965E9413F817AB95C /* zutil.c */ = {isa = PBXFileReference; name = "zutil.c"; path = "cordova-plugin-ionic/zutil.c"; sourceTree = "<group>"; fileEncoding = undefined; lastKnownFileType = unknown; explicitFileType = undefined; includeInIndex = 0; };
		75C5F226AB7848788447EEA3 /* Base64.m */ = {isa = PBXFileReference; name = "Base64.m"; path = "cordova-plugin-ionic/Base64.m"; sourceTree = "<group>"; fileEncoding = 4; lastKnownFileType = sourcecode.c.objc; explicitFileType = undefined; includeInIndex = 0; };
		56D5BE4791454068BDE2AC85 /* UNIHTTPClientHelper.m */ = {isa = PBXFileReference; name = "UNIHTTPClientHelper.m"; path = "cordova-plugin-ionic/UNIHTTPClientHelper.m"; sourceTree = "<group>"; fileEncoding = 4; lastKnownFileType = sourcecode.c.objc; explicitFileType = undefined; includeInIndex = 0; };
		B54C96AE185246B3A993D959 /* UNIHTTPRequest.m */ = {isa = PBXFileReference; name = "UNIHTTPRequest.m"; path = "cordova-plugin-ionic/UNIHTTPRequest.m"; sourceTree = "<group>"; fileEncoding = 4; lastKnownFileType = sourcecode.c.objc; explicitFileType = undefined; includeInIndex = 0; };
		DAFE8D46CEA3499DA18D65FE /* UNIHTTPRequestWithBody.m */ = {isa = PBXFileReference; name = "UNIHTTPRequestWithBody.m"; path = "cordova-plugin-ionic/UNIHTTPRequestWithBody.m"; sourceTree = "<group>"; fileEncoding = 4; lastKnownFileType = sourcecode.c.objc; explicitFileType = undefined; includeInIndex = 0; };
		77AD0E8BE6D242FD8A3262AF /* UNIRest.m */ = {isa = PBXFileReference; name = "UNIRest.m"; path = "cordova-plugin-ionic/UNIRest.m"; sourceTree = "<group>"; fileEncoding = 4; lastKnownFileType = sourcecode.c.objc; explicitFileType = undefined; includeInIndex = 0; };
		175253F8F5E241718043C6E3 /* UNIUrlConnection.m */ = {isa = PBXFileReference; name = "UNIUrlConnection.m"; path = "cordova-plugin-ionic/UNIUrlConnection.m"; sourceTree = "<group>"; fileEncoding = 4; lastKnownFileType = sourcecode.c.objc; explicitFileType = undefined; includeInIndex = 0; };
		F9CF838DDD214877890271EF /* UNIBaseRequest.m */ = {isa = PBXFileReference; name = "UNIBaseRequest.m"; path = "cordova-plugin-ionic/UNIBaseRequest.m"; sourceTree = "<group>"; fileEncoding = 4; lastKnownFileType = sourcecode.c.objc; explicitFileType = undefined; includeInIndex = 0; };
		36D3B1D9C82E480E84400BD6 /* UNIBodyRequest.m */ = {isa = PBXFileReference; name = "UNIBodyRequest.m"; path = "cordova-plugin-ionic/UNIBodyRequest.m"; sourceTree = "<group>"; fileEncoding = 4; lastKnownFileType = sourcecode.c.objc; explicitFileType = undefined; includeInIndex = 0; };
		60389CFEB594471F8E91E266 /* UNISimpleRequest.m */ = {isa = PBXFileReference; name = "UNISimpleRequest.m"; path = "cordova-plugin-ionic/UNISimpleRequest.m"; sourceTree = "<group>"; fileEncoding = 4; lastKnownFileType = sourcecode.c.objc; explicitFileType = undefined; includeInIndex = 0; };
		0C0FCE3D13EA4397ACB75DFB /* UNIHTTPBinaryResponse.m */ = {isa = PBXFileReference; name = "UNIHTTPBinaryResponse.m"; path = "cordova-plugin-ionic/UNIHTTPBinaryResponse.m"; sourceTree = "<group>"; fileEncoding = 4; lastKnownFileType = sourcecode.c.objc; explicitFileType = undefined; includeInIndex = 0; };
		B9108028F53D498994232D7C /* UNIHTTPJsonResponse.m */ = {isa = PBXFileReference; name = "UNIHTTPJsonResponse.m"; path = "cordova-plugin-ionic/UNIHTTPJsonResponse.m"; sourceTree = "<group>"; fileEncoding = 4; lastKnownFileType = sourcecode.c.objc; explicitFileType = undefined; includeInIndex = 0; };
		C0FCD7C1C4614B56BB3E29B3 /* UNIHTTPResponse.m */ = {isa = PBXFileReference; name = "UNIHTTPResponse.m"; path = "cordova-plugin-ionic/UNIHTTPResponse.m"; sourceTree = "<group>"; fileEncoding = 4; lastKnownFileType = sourcecode.c.objc; explicitFileType = undefined; includeInIndex = 0; };
		9D6951542BD74B0092897235 /* UNIHTTPStringResponse.m */ = {isa = PBXFileReference; name = "UNIHTTPStringResponse.m"; path = "cordova-plugin-ionic/UNIHTTPStringResponse.m"; sourceTree = "<group>"; fileEncoding = 4; lastKnownFileType = sourcecode.c.objc; explicitFileType = undefined; includeInIndex = 0; };
		81202C30DAB24D0EB5AA4AA9 /* UNIJsonNode.m */ = {isa = PBXFileReference; name = "UNIJsonNode.m"; path = "cordova-plugin-ionic/UNIJsonNode.m"; sourceTree = "<group>"; fileEncoding = 4; lastKnownFileType = sourcecode.c.objc; explicitFileType = undefined; includeInIndex = 0; };
		9DDD1974C7BB4EE195D966B4 /* IonicCordovaCommon.swift */ = {isa = PBXFileReference; name = "IonicCordovaCommon.swift"; path = "cordova-plugin-ionic/IonicCordovaCommon.swift"; sourceTree = "<group>"; fileEncoding = 4; lastKnownFileType = sourcecode.swift; explicitFileType = undefined; includeInIndex = 0; };
		47BAC31C8BA340C89EB0F284 /* CDVSplashScreen+IonicDeploy.h */ = {isa = PBXFileReference; name = "CDVSplashScreen+IonicDeploy.h"; path = "cordova-plugin-ionic/CDVSplashScreen+IonicDeploy.h"; sourceTree = "<group>"; fileEncoding = 4; lastKnownFileType = sourcecode.c.h; explicitFileType = undefined; includeInIndex = 0; };
		CA76B6E0C2FF432BBF41D785 /* IonicConstant.h */ = {isa = PBXFileReference; name = "IonicConstant.h"; path = "cordova-plugin-ionic/IonicConstant.h"; sourceTree = "<group>"; fileEncoding = 4; lastKnownFileType = sourcecode.c.h; explicitFileType = undefined; includeInIndex = 0; };
		4E710A2FAEC349B0B70F6738 /* IonicDeploy.h */ = {isa = PBXFileReference; name = "IonicDeploy.h"; path = "cordova-plugin-ionic/IonicDeploy.h"; sourceTree = "<group>"; fileEncoding = 4; lastKnownFileType = sourcecode.c.h; explicitFileType = undefined; includeInIndex = 0; };
		10478CDEAA5E4A42A2EEE398 /* Download.h */ = {isa = PBXFileReference; name = "Download.h"; path = "cordova-plugin-ionic/Download.h"; sourceTree = "<group>"; fileEncoding = 4; lastKnownFileType = sourcecode.c.h; explicitFileType = undefined; includeInIndex = 0; };
		D86C13EB2387429EA7778315 /* DownloadManager.h */ = {isa = PBXFileReference; name = "DownloadManager.h"; path = "cordova-plugin-ionic/DownloadManager.h"; sourceTree = "<group>"; fileEncoding = 4; lastKnownFileType = sourcecode.c.h; explicitFileType = undefined; includeInIndex = 0; };
		8B893EEF409A43D4B4ED880C /* SSZipArchive.h */ = {isa = PBXFileReference; name = "SSZipArchive.h"; path = "cordova-plugin-ionic/SSZipArchive.h"; sourceTree = "<group>"; fileEncoding = 4; lastKnownFileType = sourcecode.c.h; explicitFileType = undefined; includeInIndex = 0; };
		524251E9CB214F968C9F443B /* ARCHelper.h */ = {isa = PBXFileReference; name = "ARCHelper.h"; path = "cordova-plugin-ionic/ARCHelper.h"; sourceTree = "<group>"; fileEncoding = 4; lastKnownFileType = sourcecode.c.h; explicitFileType = undefined; includeInIndex = 0; };
		9BCA717DDE414942844CA364 /* crypt.h */ = {isa = PBXFileReference; name = "crypt.h"; path = "cordova-plugin-ionic/crypt.h"; sourceTree = "<group>"; fileEncoding = 4; lastKnownFileType = sourcecode.c.h; explicitFileType = undefined; includeInIndex = 0; };
		DD0A0E9F328447D9AD6BA2D6 /* ioapi.h */ = {isa = PBXFileReference; name = "ioapi.h"; path = "cordova-plugin-ionic/ioapi.h"; sourceTree = "<group>"; fileEncoding = 4; lastKnownFileType = sourcecode.c.h; explicitFileType = undefined; includeInIndex = 0; };
		CECEA60E17114D858FCDA567 /* unzip.h */ = {isa = PBXFileReference; name = "unzip.h"; path = "cordova-plugin-ionic/unzip.h"; sourceTree = "<group>"; fileEncoding = 4; lastKnownFileType = sourcecode.c.h; explicitFileType = undefined; includeInIndex = 0; };
		2FFC2FB85827439494E92252 /* zip.h */ = {isa = PBXFileReference; name = "zip.h"; path = "cordova-plugin-ionic/zip.h"; sourceTree = "<group>"; fileEncoding = 4; lastKnownFileType = sourcecode.c.h; explicitFileType = undefined; includeInIndex = 0; };
		0160522F3F3F492EB9273CC1 /* crc32.h */ = {isa = PBXFileReference; name = "crc32.h"; path = "cordova-plugin-ionic/crc32.h"; sourceTree = "<group>"; fileEncoding = 4; lastKnownFileType = sourcecode.c.h; explicitFileType = undefined; includeInIndex = 0; };
		74D0533FA1344F67AA6D6A3B /* deflate.h */ = {isa = PBXFileReference; name = "deflate.h"; path = "cordova-plugin-ionic/deflate.h"; sourceTree = "<group>"; fileEncoding = 4; lastKnownFileType = sourcecode.c.h; explicitFileType = undefined; includeInIndex = 0; };
		11F34FC8495C4231BF558F04 /* gzguts.h */ = {isa = PBXFileReference; name = "gzguts.h"; path = "cordova-plugin-ionic/gzguts.h"; sourceTree = "<group>"; fileEncoding = 4; lastKnownFileType = sourcecode.c.h; explicitFileType = undefined; includeInIndex = 0; };
		DF933EED253C4E3E9F1ED0F4 /* inffast.h */ = {isa = PBXFileReference; name = "inffast.h"; path = "cordova-plugin-ionic/inffast.h"; sourceTree = "<group>"; fileEncoding = 4; lastKnownFileType = sourcecode.c.h; explicitFileType = undefined; includeInIndex = 0; };
		94ACD46C35044A76AF266E8A /* inffixed.h */ = {isa = PBXFileReference; name = "inffixed.h"; path = "cordova-plugin-ionic/inffixed.h"; sourceTree = "<group>"; fileEncoding = 4; lastKnownFileType = sourcecode.c.h; explicitFileType = undefined; includeInIndex = 0; };
		8664A361A46F45F68AED4C40 /* inflate.h */ = {isa = PBXFileReference; name = "inflate.h"; path = "cordova-plugin-ionic/inflate.h"; sourceTree = "<group>"; fileEncoding = 4; lastKnownFileType = sourcecode.c.h; explicitFileType = undefined; includeInIndex = 0; };
		ACBED6C997B449A0BA55D38C /* inftrees.h */ = {isa = PBXFileReference; name = "inftrees.h"; path = "cordova-plugin-ionic/inftrees.h"; sourceTree = "<group>"; fileEncoding = 4; lastKnownFileType = sourcecode.c.h; explicitFileType = undefined; includeInIndex = 0; };
		070FF3CBEFF64DD3980E042F /* trees.h */ = {isa = PBXFileReference; name = "trees.h"; path = "cordova-plugin-ionic/trees.h"; sourceTree = "<group>"; fileEncoding = 4; lastKnownFileType = sourcecode.c.h; explicitFileType = undefined; includeInIndex = 0; };
		E7BBBC2E442F4CB9AD4D3A07 /* zconf.h */ = {isa = PBXFileReference; name = "zconf.h"; path = "cordova-plugin-ionic/zconf.h"; sourceTree = "<group>"; fileEncoding = 4; lastKnownFileType = sourcecode.c.h; explicitFileType = undefined; includeInIndex = 0; };
		E5687C35AA8047A6B975C7E5 /* zlib.h */ = {isa = PBXFileReference; name = "zlib.h"; path = "cordova-plugin-ionic/zlib.h"; sourceTree = "<group>"; fileEncoding = 4; lastKnownFileType = sourcecode.c.h; explicitFileType = undefined; includeInIndex = 0; };
		3CE2B910EBC0442FA82CFD66 /* zutil.h */ = {isa = PBXFileReference; name = "zutil.h"; path = "cordova-plugin-ionic/zutil.h"; sourceTree = "<group>"; fileEncoding = 4; lastKnownFileType = sourcecode.c.h; explicitFileType = undefined; includeInIndex = 0; };
		0BF23C0D931F4EC58D9AC695 /* Base64.h */ = {isa = PBXFileReference; name = "Base64.h"; path = "cordova-plugin-ionic/Base64.h"; sourceTree = "<group>"; fileEncoding = 4; lastKnownFileType = sourcecode.c.h; explicitFileType = undefined; includeInIndex = 0; };
		A09E373366C5420087FC12A9 /* UNIHTTPClientHelper.h */ = {isa = PBXFileReference; name = "UNIHTTPClientHelper.h"; path = "cordova-plugin-ionic/UNIHTTPClientHelper.h"; sourceTree = "<group>"; fileEncoding = 4; lastKnownFileType = sourcecode.c.h; explicitFileType = undefined; includeInIndex = 0; };
		E5B8C706B7B94C8D9896F7FA /* UNIHTTPRequest.h */ = {isa = PBXFileReference; name = "UNIHTTPRequest.h"; path = "cordova-plugin-ionic/UNIHTTPRequest.h"; sourceTree = "<group>"; fileEncoding = 4; lastKnownFileType = sourcecode.c.h; explicitFileType = undefined; includeInIndex = 0; };
		CB2260F02D7A4C8B86484CEC /* UNIHTTPRequestWithBody.h */ = {isa = PBXFileReference; name = "UNIHTTPRequestWithBody.h"; path = "cordova-plugin-ionic/UNIHTTPRequestWithBody.h"; sourceTree = "<group>"; fileEncoding = 4; lastKnownFileType = sourcecode.c.h; explicitFileType = undefined; includeInIndex = 0; };
		EB19D28EAF1E467C960B9910 /* Unirest-Prefix.pch */ = {isa = PBXFileReference; name = "Unirest-Prefix.pch"; path = "cordova-plugin-ionic/Unirest-Prefix.pch"; sourceTree = "<group>"; fileEncoding = 4; lastKnownFileType = sourcecode.c.h; explicitFileType = undefined; includeInIndex = 0; };
		09E30A7F0D4843B6B46DDD37 /* UNIRest.h */ = {isa = PBXFileReference; name = "UNIRest.h"; path = "cordova-plugin-ionic/UNIRest.h"; sourceTree = "<group>"; fileEncoding = 4; lastKnownFileType = sourcecode.c.h; explicitFileType = undefined; includeInIndex = 0; };
		1882844AF79F4FC7A31EC230 /* UNIUrlConnection.h */ = {isa = PBXFileReference; name = "UNIUrlConnection.h"; path = "cordova-plugin-ionic/UNIUrlConnection.h"; sourceTree = "<group>"; fileEncoding = 4; lastKnownFileType = sourcecode.c.h; explicitFileType = undefined; includeInIndex = 0; };
		647BEC9F91E44B7DBFF7736A /* UNIBaseRequest.h */ = {isa = PBXFileReference; name = "UNIBaseRequest.h"; path = "cordova-plugin-ionic/UNIBaseRequest.h"; sourceTree = "<group>"; fileEncoding = 4; lastKnownFileType = sourcecode.c.h; explicitFileType = undefined; includeInIndex = 0; };
		53CE26085BD34004A4ED76A5 /* UNIBodyRequest.h */ = {isa = PBXFileReference; name = "UNIBodyRequest.h"; path = "cordova-plugin-ionic/UNIBodyRequest.h"; sourceTree = "<group>"; fileEncoding = 4; lastKnownFileType = sourcecode.c.h; explicitFileType = undefined; includeInIndex = 0; };
		EDF67A544C594341A20E320E /* UNISimpleRequest.h */ = {isa = PBXFileReference; name = "UNISimpleRequest.h"; path = "cordova-plugin-ionic/UNISimpleRequest.h"; sourceTree = "<group>"; fileEncoding = 4; lastKnownFileType = sourcecode.c.h; explicitFileType = undefined; includeInIndex = 0; };
		1144B69F96234E248BAE0D32 /* UNIHTTPBinaryResponse.h */ = {isa = PBXFileReference; name = "UNIHTTPBinaryResponse.h"; path = "cordova-plugin-ionic/UNIHTTPBinaryResponse.h"; sourceTree = "<group>"; fileEncoding = 4; lastKnownFileType = sourcecode.c.h; explicitFileType = undefined; includeInIndex = 0; };
		352AA0071C954EE08A1D9FE7 /* UNIHTTPJsonResponse.h */ = {isa = PBXFileReference; name = "UNIHTTPJsonResponse.h"; path = "cordova-plugin-ionic/UNIHTTPJsonResponse.h"; sourceTree = "<group>"; fileEncoding = 4; lastKnownFileType = sourcecode.c.h; explicitFileType = undefined; includeInIndex = 0; };
		60EC2A690BBB4581BF5B8A3A /* UNIHTTPResponse.h */ = {isa = PBXFileReference; name = "UNIHTTPResponse.h"; path = "cordova-plugin-ionic/UNIHTTPResponse.h"; sourceTree = "<group>"; fileEncoding = 4; lastKnownFileType = sourcecode.c.h; explicitFileType = undefined; includeInIndex = 0; };
		E4052476E2FC4C0F8774A929 /* UNIHTTPStringResponse.h */ = {isa = PBXFileReference; name = "UNIHTTPStringResponse.h"; path = "cordova-plugin-ionic/UNIHTTPStringResponse.h"; sourceTree = "<group>"; fileEncoding = 4; lastKnownFileType = sourcecode.c.h; explicitFileType = undefined; includeInIndex = 0; };
		2F4C5EB5E1A24B1D97378B46 /* UNIJsonNode.h */ = {isa = PBXFileReference; name = "UNIJsonNode.h"; path = "cordova-plugin-ionic/UNIJsonNode.h"; sourceTree = "<group>"; fileEncoding = 4; lastKnownFileType = sourcecode.c.h; explicitFileType = undefined; includeInIndex = 0; };
/* End PBXFileReference section */

/* Begin PBXFrameworksBuildPhase section */
		1D60588F0D05DD3D006BFB54 /* Frameworks */ = {
			isa = PBXFrameworksBuildPhase;
			buildActionMask = 2147483647;
			files = (
				301BF552109A68D80062928A /* libCordova.a in Frameworks */,
				27251153EB3949E5AC196FC1 /* AddressBook.framework in Frameworks */,
				9830307120AF4DD8856B593B /* libsqlite3.tbd in Frameworks */,
				398D1C476EA0494F8DA6352B /* libz.tbd in Frameworks */,
				4920EF0D2C684D54A8012B78 /* SystemConfiguration.framework in Frameworks */,
				8D2959534F7B439697681CCA /* WebKit.framework in Frameworks */,
			);
			runOnlyForDeploymentPostprocessing = 0;
		};
/* End PBXFrameworksBuildPhase section */

/* Begin PBXGroup section */
		080E96DDFE201D6D7F000001 /* Classes */ = {
			isa = PBXGroup;
			children = (
				302D95EE14D2391D003F00A1 /* MainViewController.h */,
				302D95EF14D2391D003F00A1 /* MainViewController.m */,
				302D95F014D2391D003F00A1 /* MainViewController.xib */,
				1D3623240D0F684500981E51 /* AppDelegate.h */,
				1D3623250D0F684500981E51 /* AppDelegate.m */,
			);
			name = Classes;
			path = "Smart Feed/Classes";
			sourceTree = SOURCE_ROOT;
		};
		19C28FACFE9D520D11CA2CBB /* Products */ = {
			isa = PBXGroup;
			children = (
				1D6058910D05DD3D006BFB54 /* Smart Feed.app */,
			);
			name = Products;
			sourceTree = "<group>";
		};
		29B97314FDCFA39411CA2CEA /* CustomTemplate */ = {
			isa = PBXGroup;
			children = (
				EB87FDF41871DAF40020F90C /* config.xml */,
				EB87FDF31871DA8E0020F90C /* www */,
				EB87FDF11871DA420020F90C /* Staging */,
				301BF52D109A57CC0062928A /* CordovaLib.xcodeproj */,
				080E96DDFE201D6D7F000001 /* Classes */,
				307C750510C5A3420062BCA9 /* Plugins */,
				29B97315FDCFA39411CA2CEA /* Other Sources */,
				29B97317FDCFA39411CA2CEA /* Resources */,
				29B97323FDCFA39411CA2CEA /* Frameworks */,
				19C28FACFE9D520D11CA2CBB /* Products */,
			);
			name = CustomTemplate;
			sourceTree = "<group>";
		};
		29B97315FDCFA39411CA2CEA /* Other Sources */ = {
			isa = PBXGroup;
			children = (
				32CA4F630368D1EE00C91783 /* Smart Feed-Prefix.pch */,
				29B97316FDCFA39411CA2CEA /* main.m */,
				ED33DF2A687741AEAF9F8254 /* Bridging-Header.h */,
			);
			name = "Other Sources";
			path = "Smart Feed";
			sourceTree = "<group>";
		};
		29B97317FDCFA39411CA2CEA /* Resources */ = {
			isa = PBXGroup;
			children = (
				0207DA571B56EA530066E2B4 /* Images.xcassets */,
				3047A50E1AB8057F00498E2A /* config */,
				8D1107310486CEB800E47090 /* Smart Feed-Info.plist */,
				6AFF5BF81D6E424B00AB3073 /* CDVLaunchScreen.storyboard */,
			);
			name = Resources;
			path = "Smart Feed/Resources";
			sourceTree = "<group>";
		};
		29B97323FDCFA39411CA2CEA /* Frameworks */ = {
			isa = PBXGroup;
			children = (
				9236E2DA341847339CDC728F /* AddressBook.framework */,
				B5612DF1A19D4FADBC66C5DC /* libsqlite3.tbd */,
				55598563FA5C47F5B2AAE08C /* libz.tbd */,
				A40E4BE9AFED421EA8BD7065 /* SystemConfiguration.framework */,
				AA43621AB4AC4D08A11E5E78 /* WebKit.framework */,
			);
			name = Frameworks;
			sourceTree = "<group>";
		};
		301BF52E109A57CC0062928A /* Products */ = {
			isa = PBXGroup;
			children = (
				301BF535109A57CC0062928A /* libCordova.a */,
			);
			name = Products;
			sourceTree = "<group>";
		};
		3047A50E1AB8057F00498E2A /* config */ = {
			isa = PBXGroup;
			children = (
				3047A50F1AB8059700498E2A /* build-debug.xcconfig */,
				3047A5101AB8059700498E2A /* build-release.xcconfig */,
				3047A5111AB8059700498E2A /* build.xcconfig */,
			);
			name = config;
			sourceTree = "<group>";
		};
		307C750510C5A3420062BCA9 /* Plugins */ = {
			isa = PBXGroup;
			children = (
				CE2CCD01103846AD95C0B0BA /* AppDelegate+notification.m */,
				BD687904A31B4481803F8428 /* PushPlugin.m */,
				AE8A47717022471AB82B05A9 /* AppDelegate+notification.h */,
				0AD632E3969F4D2A96466129 /* PushPlugin.h */,
				9B74370B426942D2AFD28F49 /* OneSignalPush.m */,
				A118DCB6C9BF418A8B0D7F46 /* OneSignalPush.h */,
				34B6604814674B428A827D4F /* APPPrinter.m */,
				183C9008C9BD432B993021F5 /* APPPrinter.h */,
				F16F452D7A2C49C4956A3CE8 /* CDVWKWebViewEngine.m */,
				8FC21A8E59C240F5838EFDA6 /* CDVWKWebViewUIDelegate.m */,
				6634132BD36A46AEA4604A9E /* CDVWKProcessPoolFactory.m */,
				EB2E935B261B4A8897AA1F10 /* GCDWebServer.m */,
				072EA16FE19F473C909A09ED /* GCDWebServerConnection.m */,
				E16FE528FCE0476C909301A1 /* GCDWebServerFunctions.m */,
				79E6B5DA0AD74BF2A013391C /* GCDWebServerRequest.m */,
				E39611CB1B1C49C4BE5A0B89 /* GCDWebServerResponse.m */,
				314E3D7D17924D87B77A620B /* GCDWebServerDataRequest.m */,
				D8F4639C6CF241799E19960A /* GCDWebServerFileRequest.m */,
				A032A913364A47358813B261 /* GCDWebServerMultiPartFormRequest.m */,
				6EDF30B80B5846E2845F6454 /* GCDWebServerURLEncodedFormRequest.m */,
				603C2808B7A548F182EFFAFA /* GCDWebServerDataResponse.m */,
				B437A2BFF52A47A698014BDB /* GCDWebServerErrorResponse.m */,
				3CEEEA2930844A448825DFC7 /* GCDWebServerFileResponse.m */,
				83220084991E47EDB2D78FB1 /* GCDWebServerStreamedResponse.m */,
				4535144FB2D44D1EA967D77B /* CDVWKWebViewEngine.h */,
				C3326F05052E4EF599F292C9 /* CDVWKWebViewUIDelegate.h */,
				D2B61C7A17114B68A32FFC9B /* CDVWKProcessPoolFactory.h */,
				1AB7D2A8DBAA421A95B4352B /* GCDWebServer.h */,
				C971B09624EE4022BB4B8F20 /* GCDWebServerConnection.h */,
				F24420BEB59645148FBC0A6B /* GCDWebServerFunctions.h */,
				FDBB52E8D9B94DF38CA425AF /* GCDWebServerHTTPStatusCodes.h */,
				C27644BAEEC541478C9FA0EE /* GCDWebServerPrivate.h */,
				53D52349C49B4C6580D5A89C /* GCDWebServerRequest.h */,
				C10C0DFB5FBD41568DCFA3AF /* GCDWebServerResponse.h */,
				A5CFFECF8CBA4CE69816A10F /* GCDWebServerDataRequest.h */,
				8B8BFD616A56499599DB59B8 /* GCDWebServerFileRequest.h */,
				DA4ADED25E184DE19C58EB44 /* GCDWebServerMultiPartFormRequest.h */,
				912A681DF9EE41AC89A91B68 /* GCDWebServerURLEncodedFormRequest.h */,
				CD5A8A50F04E4504AF088574 /* GCDWebServerDataResponse.h */,
				6C8842131B3D44FB86053E47 /* GCDWebServerErrorResponse.h */,
				86309282A0C1448985A78C4E /* GCDWebServerFileResponse.h */,
				1EB2CF3E574547318293C944 /* GCDWebServerStreamedResponse.h */,
				5746ECB707274D068F10C1E5 /* CDVSplashScreen+IonicDeploy.m */,
				A64F36AA76374A659EF177ED /* IonicConstant.m */,
				A38CCD25C4B142DC9E71434D /* IonicDeploy.m */,
				206C27F62A234AD0A7E63E10 /* Download.m */,
				DB6BE975863249B495079323 /* DownloadManager.m */,
				33D2A6127EE34E69885563F4 /* SSZipArchive.m */,
				5C08CFE55306489DB771D11C /* ioapi.c */,
				CD409565630543FFAD9D40ED /* unzip.c */,
				B015BCE6C25543399B98FF31 /* zip.c */,
				447BA053875347C987CED41C /* adler32.c */,
				867BFEDA56E1454E81351608 /* compress.c */,
				945C283D71134EB8B5AF1EE4 /* crc32.c */,
				1D8028E8A10F4D188D8654A5 /* deflate.c */,
				63A22CCC37284A1F80AAA774 /* gzclose.c */,
				2FF6074CD4B44AEF85F7E1AC /* gzlib.c */,
				6185F826EED04C9DB537A8B0 /* gzread.c */,
				0A5096D9C3A0431EB760FBB9 /* gzwrite.c */,
				01E3A91A41AC4C3A8A57326E /* infback.c */,
				4028EDA81E21426BAD968057 /* inffast.c */,
				C4CE310FF10B4039ABBC5910 /* inflate.c */,
				ECDDA7DA1455492B84CC9AB1 /* inftrees.c */,
				EA499FF87447479FB0F15D6F /* trees.c */,
				9AA691286F2748E78D8F3BC9 /* uncompr.c */,
				369F83C965E9413F817AB95C /* zutil.c */,
				75C5F226AB7848788447EEA3 /* Base64.m */,
				56D5BE4791454068BDE2AC85 /* UNIHTTPClientHelper.m */,
				B54C96AE185246B3A993D959 /* UNIHTTPRequest.m */,
				DAFE8D46CEA3499DA18D65FE /* UNIHTTPRequestWithBody.m */,
				77AD0E8BE6D242FD8A3262AF /* UNIRest.m */,
				175253F8F5E241718043C6E3 /* UNIUrlConnection.m */,
				F9CF838DDD214877890271EF /* UNIBaseRequest.m */,
				36D3B1D9C82E480E84400BD6 /* UNIBodyRequest.m */,
				60389CFEB594471F8E91E266 /* UNISimpleRequest.m */,
				0C0FCE3D13EA4397ACB75DFB /* UNIHTTPBinaryResponse.m */,
				B9108028F53D498994232D7C /* UNIHTTPJsonResponse.m */,
				C0FCD7C1C4614B56BB3E29B3 /* UNIHTTPResponse.m */,
				9D6951542BD74B0092897235 /* UNIHTTPStringResponse.m */,
				81202C30DAB24D0EB5AA4AA9 /* UNIJsonNode.m */,
				9DDD1974C7BB4EE195D966B4 /* IonicCordovaCommon.swift */,
				47BAC31C8BA340C89EB0F284 /* CDVSplashScreen+IonicDeploy.h */,
				CA76B6E0C2FF432BBF41D785 /* IonicConstant.h */,
				4E710A2FAEC349B0B70F6738 /* IonicDeploy.h */,
				10478CDEAA5E4A42A2EEE398 /* Download.h */,
				D86C13EB2387429EA7778315 /* DownloadManager.h */,
				8B893EEF409A43D4B4ED880C /* SSZipArchive.h */,
				524251E9CB214F968C9F443B /* ARCHelper.h */,
				9BCA717DDE414942844CA364 /* crypt.h */,
				DD0A0E9F328447D9AD6BA2D6 /* ioapi.h */,
				CECEA60E17114D858FCDA567 /* unzip.h */,
				2FFC2FB85827439494E92252 /* zip.h */,
				0160522F3F3F492EB9273CC1 /* crc32.h */,
				74D0533FA1344F67AA6D6A3B /* deflate.h */,
				11F34FC8495C4231BF558F04 /* gzguts.h */,
				DF933EED253C4E3E9F1ED0F4 /* inffast.h */,
				94ACD46C35044A76AF266E8A /* inffixed.h */,
				8664A361A46F45F68AED4C40 /* inflate.h */,
				ACBED6C997B449A0BA55D38C /* inftrees.h */,
				070FF3CBEFF64DD3980E042F /* trees.h */,
				E7BBBC2E442F4CB9AD4D3A07 /* zconf.h */,
				E5687C35AA8047A6B975C7E5 /* zlib.h */,
				3CE2B910EBC0442FA82CFD66 /* zutil.h */,
				0BF23C0D931F4EC58D9AC695 /* Base64.h */,
				A09E373366C5420087FC12A9 /* UNIHTTPClientHelper.h */,
				E5B8C706B7B94C8D9896F7FA /* UNIHTTPRequest.h */,
				CB2260F02D7A4C8B86484CEC /* UNIHTTPRequestWithBody.h */,
				EB19D28EAF1E467C960B9910 /* Unirest-Prefix.pch */,
				09E30A7F0D4843B6B46DDD37 /* UNIRest.h */,
				1882844AF79F4FC7A31EC230 /* UNIUrlConnection.h */,
				647BEC9F91E44B7DBFF7736A /* UNIBaseRequest.h */,
				53CE26085BD34004A4ED76A5 /* UNIBodyRequest.h */,
				EDF67A544C594341A20E320E /* UNISimpleRequest.h */,
				1144B69F96234E248BAE0D32 /* UNIHTTPBinaryResponse.h */,
				352AA0071C954EE08A1D9FE7 /* UNIHTTPJsonResponse.h */,
				60EC2A690BBB4581BF5B8A3A /* UNIHTTPResponse.h */,
				E4052476E2FC4C0F8774A929 /* UNIHTTPStringResponse.h */,
				2F4C5EB5E1A24B1D97378B46 /* UNIJsonNode.h */,
			);
			name = Plugins;
			path = "Smart Feed/Plugins";
			sourceTree = SOURCE_ROOT;
		};
		EB87FDF11871DA420020F90C /* Staging */ = {
			isa = PBXGroup;
			children = (
				F840E1F0165FE0F500CFE078 /* config.xml */,
				301BF56E109A69640062928A /* www */,
			);
			name = Staging;
			sourceTree = "<group>";
		};
/* End PBXGroup section */

/* Begin PBXNativeTarget section */
		1D6058900D05DD3D006BFB54 /* Smart Feed */ = {
			isa = PBXNativeTarget;
			buildConfigurationList = 1D6058960D05DD3E006BFB54 /* Build configuration list for PBXNativeTarget "Smart Feed" */;
			buildPhases = (
				304B58A110DAC018002A0835 /* Copy www directory */,
				1D60588D0D05DD3D006BFB54 /* Resources */,
				1D60588E0D05DD3D006BFB54 /* Sources */,
				1D60588F0D05DD3D006BFB54 /* Frameworks */,
			);
			buildRules = (
			);
			dependencies = (
				301BF551109A68C00062928A /* PBXTargetDependency */,
			);
			name = "Smart Feed";
			productName = "Smart Feed";
			productReference = 1D6058910D05DD3D006BFB54 /* Smart Feed.app */;
			productType = "com.apple.product-type.application";
		};
/* End PBXNativeTarget section */

/* Begin PBXProject section */
		29B97313FDCFA39411CA2CEA /* Project object */ = {
			isa = PBXProject;
			attributes = {
				LastUpgradeCheck = 510;
			};
			buildConfigurationList = C01FCF4E08A954540054247B /* Build configuration list for PBXProject "__NON-CLI__" */;
			compatibilityVersion = "Xcode 3.2";
			developmentRegion = English;
			hasScannedForEncodings = 1;
			mainGroup = 29B97314FDCFA39411CA2CEA /* CustomTemplate */;
			projectDirPath = "";
			projectReferences = (
				{
					ProductGroup = 301BF52E109A57CC0062928A /* Products */;
					ProjectRef = 301BF52D109A57CC0062928A /* CordovaLib.xcodeproj */;
				},
			);
			projectRoot = "";
			targets = (
				1D6058900D05DD3D006BFB54 /* Smart Feed */,
			);
		};
/* End PBXProject section */

/* Begin PBXReferenceProxy section */
		301BF535109A57CC0062928A /* libCordova.a */ = {
			isa = PBXReferenceProxy;
			fileType = archive.ar;
			path = libCordova.a;
			remoteRef = 301BF534109A57CC0062928A /* PBXContainerItemProxy */;
			sourceTree = BUILT_PRODUCTS_DIR;
		};
/* End PBXReferenceProxy section */

/* Begin PBXResourcesBuildPhase section */
		1D60588D0D05DD3D006BFB54 /* Resources */ = {
			isa = PBXResourcesBuildPhase;
			buildActionMask = 2147483647;
			files = (
				302D95F214D2391D003F00A1 /* MainViewController.xib in Resources */,
				0207DA581B56EA530066E2B4 /* Images.xcassets in Resources */,
				6AFF5BF91D6E424B00AB3073 /* CDVLaunchScreen.storyboard in Resources */,
			);
			runOnlyForDeploymentPostprocessing = 0;
		};
/* End PBXResourcesBuildPhase section */

/* Begin PBXShellScriptBuildPhase section */
		304B58A110DAC018002A0835 /* Copy www directory */ = {
			isa = PBXShellScriptBuildPhase;
			buildActionMask = 2147483647;
			files = (
			);
			inputPaths = (
			);
			name = "Copy www directory";
			outputPaths = (
			);
			runOnlyForDeploymentPostprocessing = 0;
			shellPath = /bin/sh;
			shellScript = "NODEJS_PATH=/usr/local/bin; NVM_NODE_PATH=~/.nvm/versions/node/`nvm version 2>/dev/null`/bin; N_NODE_PATH=`find /usr/local/n/versions/node/* -maxdepth 0 -type d 2>/dev/null | tail -1`/bin; XCODE_NODE_PATH=`xcode-select --print-path`/usr/share/xcs/Node/bin; PATH=$NODEJS_PATH:$NVM_NODE_PATH:$N_NODE_PATH:$XCODE_NODE_PATH:$PATH && node cordova/lib/copy-www-build-step.js";
			showEnvVarsInLog = 0;
		};
/* End PBXShellScriptBuildPhase section */

/* Begin PBXSourcesBuildPhase section */
		1D60588E0D05DD3D006BFB54 /* Sources */ = {
			isa = PBXSourcesBuildPhase;
			buildActionMask = 2147483647;
			files = (
				1D60589B0D05DD56006BFB54 /* main.m in Sources */,
				1D3623260D0F684500981E51 /* AppDelegate.m in Sources */,
				302D95F114D2391D003F00A1 /* MainViewController.m in Sources */,
				0907BE444B974B759C81DE25 /* AppDelegate+notification.m in Sources */,
				ABDD578170CA4FF3A77874CE /* PushPlugin.m in Sources */,
				7C8DB0AAB49641A6A037BFCB /* OneSignalPush.m in Sources */,
				F0BF3F4A4732453783288EDC /* APPPrinter.m in Sources */,
				D400DD5221224260B1F6C78E /* CDVWKWebViewEngine.m in Sources */,
				CC5D15AB17FB4C4DAB9F6B82 /* CDVWKWebViewUIDelegate.m in Sources */,
				1DE9D7FC787344BAB576E69A /* CDVWKProcessPoolFactory.m in Sources */,
				0481319C46864C50A0093768 /* GCDWebServer.m in Sources */,
				AE50AF4D81AD42D8B28C21F5 /* GCDWebServerConnection.m in Sources */,
				68F2B42A90A34C9BBD037B85 /* GCDWebServerFunctions.m in Sources */,
				1D2A299F795D419CAB635A0A /* GCDWebServerRequest.m in Sources */,
				312F63DB641C40539F91B24A /* GCDWebServerResponse.m in Sources */,
				60BCD449AE544924996D136A /* GCDWebServerDataRequest.m in Sources */,
				5C4F3A9D6B8A48929B64A6DF /* GCDWebServerFileRequest.m in Sources */,
				14D83EFE96854FFEA7BB3030 /* GCDWebServerMultiPartFormRequest.m in Sources */,
				7A848D63AE3B49A3B93F976C /* GCDWebServerURLEncodedFormRequest.m in Sources */,
				C8D78C81D5DF4A7AB008ED4C /* GCDWebServerDataResponse.m in Sources */,
				FFEB2B9396C74DC5BE7E833E /* GCDWebServerErrorResponse.m in Sources */,
				2CD2F63AB2BB436F8D48C775 /* GCDWebServerFileResponse.m in Sources */,
				4D8A9018F0C04514A40205CA /* GCDWebServerStreamedResponse.m in Sources */,
				87943373F0004287AF396CB5 /* CDVSplashScreen+IonicDeploy.m in Sources */,
				199AE522D6004994A42BCA33 /* IonicConstant.m in Sources */,
				1969E985674C4DAE9173B076 /* IonicDeploy.m in Sources */,
				D9DEF7E960F34DFDA4BC14EA /* Download.m in Sources */,
				0B08DD55995345B683A8CB74 /* DownloadManager.m in Sources */,
				E30398A5FC284126A0C0799D /* SSZipArchive.m in Sources */,
				3864E5E7DB904A959F83C79B /* ioapi.c in Resources */,
				F4D8165C04AA40C390BFE542 /* unzip.c in Resources */,
				A0E5C5722422476393F06431 /* zip.c in Resources */,
				3555773C01AD428FB2AA812C /* adler32.c in Resources */,
				85AA5DB908CB49C5A7A1B365 /* compress.c in Resources */,
				230AB8592C2647769DCDE0D2 /* crc32.c in Resources */,
				15B87868FC7D4E109354EA9D /* deflate.c in Resources */,
				F43BB9CBEFB2414F90590D4D /* gzclose.c in Resources */,
				2499328061774F92BA5A7826 /* gzlib.c in Resources */,
				BCDEDE87211E4121A1387B9E /* gzread.c in Resources */,
				ABABC126554E4E3E9EE63E64 /* gzwrite.c in Resources */,
				1AB0E2F7B3B74E5F97B63D54 /* infback.c in Resources */,
				A4D10727B09F42A0A6C6D127 /* inffast.c in Resources */,
				FA5B5C3F09C5459CB782143D /* inflate.c in Resources */,
				D74050CB188742B5B146EBE9 /* inftrees.c in Resources */,
				D0B451AFF410493786E927D5 /* trees.c in Resources */,
				03DE7916A09A4F5DB66896A0 /* uncompr.c in Resources */,
				874CF2E6DC334C18A6150878 /* zutil.c in Resources */,
				1569A45F515C4CA780C4EE8A /* Base64.m in Sources */,
				7D53E664CBA34A08BF73401D /* UNIHTTPClientHelper.m in Sources */,
				6AEE4980EF3B459DA54C183C /* UNIHTTPRequest.m in Sources */,
				7F1A9DFBD05B462CA61EC3F1 /* UNIHTTPRequestWithBody.m in Sources */,
				F4007A6BF36047A3BE891626 /* UNIRest.m in Sources */,
				06D435DB0EBF42D18E0AAB76 /* UNIUrlConnection.m in Sources */,
				69980C75FB3140579C53BC38 /* UNIBaseRequest.m in Sources */,
				139F28EFF9594862B70F26D2 /* UNIBodyRequest.m in Sources */,
				773E803EF244413BBF5F3FB7 /* UNISimpleRequest.m in Sources */,
				CB63936594EF4AF5987C172C /* UNIHTTPBinaryResponse.m in Sources */,
				CDC960A4C2FC4C8280AC3F51 /* UNIHTTPJsonResponse.m in Sources */,
				FA81BCA7382D47F0BE1697B1 /* UNIHTTPResponse.m in Sources */,
				59676F617336426284132995 /* UNIHTTPStringResponse.m in Sources */,
				0A7382E11F1841A58C9DA2DD /* UNIJsonNode.m in Sources */,
				6AE46B4AFB184C6F82D79DCB /* IonicCordovaCommon.swift in Sources */,
			);
			runOnlyForDeploymentPostprocessing = 0;
		};
/* End PBXSourcesBuildPhase section */

/* Begin PBXTargetDependency section */
		301BF551109A68C00062928A /* PBXTargetDependency */ = {
			isa = PBXTargetDependency;
			name = CordovaLib;
			targetProxy = 301BF550109A68C00062928A /* PBXContainerItemProxy */;
		};
/* End PBXTargetDependency section */

/* Begin XCBuildConfiguration section */
		1D6058940D05DD3E006BFB54 /* Debug */ = {
			isa = XCBuildConfiguration;
			baseConfigurationReference = 3047A50F1AB8059700498E2A /* build-debug.xcconfig */;
			buildSettings = {
				ALWAYS_SEARCH_USER_PATHS = NO;
				ASSETCATALOG_COMPILER_APPICON_NAME = AppIcon;
				ASSETCATALOG_COMPILER_LAUNCHIMAGE_NAME = LaunchImage;
				CLANG_ENABLE_MODULES = YES;
				CLANG_ENABLE_OBJC_ARC = YES;
				COPY_PHASE_STRIP = NO;
				GCC_DYNAMIC_NO_PIC = NO;
				GCC_OPTIMIZATION_LEVEL = 0;
				GCC_PRECOMPILE_PREFIX_HEADER = YES;
				GCC_PREFIX_HEADER = "Smart Feed/Smart Feed-Prefix.pch";
				GCC_THUMB_SUPPORT = NO;
				GCC_VERSION = "";
				INFOPLIST_FILE = "Smart Feed/Smart Feed-Info.plist";
				IPHONEOS_DEPLOYMENT_TARGET = 9.0;
				LD_RUNPATH_SEARCH_PATHS = "@executable_path/Frameworks";
				TARGETED_DEVICE_FAMILY = "1,2";
				PRODUCT_NAME = "Smart Feed";
			};
			name = Debug;
		};
		1D6058950D05DD3E006BFB54 /* Release */ = {
			isa = XCBuildConfiguration;
			baseConfigurationReference = 3047A5101AB8059700498E2A /* build-release.xcconfig */;
			buildSettings = {
				ALWAYS_SEARCH_USER_PATHS = NO;
				ASSETCATALOG_COMPILER_APPICON_NAME = AppIcon;
				ASSETCATALOG_COMPILER_LAUNCHIMAGE_NAME = LaunchImage;
				CLANG_ENABLE_MODULES = YES;
				CLANG_ENABLE_OBJC_ARC = YES;
				COPY_PHASE_STRIP = YES;
				GCC_PRECOMPILE_PREFIX_HEADER = YES;
				GCC_PREFIX_HEADER = "Smart Feed/Smart Feed-Prefix.pch";
				GCC_THUMB_SUPPORT = NO;
				GCC_VERSION = "";
				INFOPLIST_FILE = "Smart Feed/Smart Feed-Info.plist";
				IPHONEOS_DEPLOYMENT_TARGET = 9.0;
				LD_RUNPATH_SEARCH_PATHS = "@executable_path/Frameworks";
				TARGETED_DEVICE_FAMILY = "1,2";
				PRODUCT_NAME = "Smart Feed";
			};
			name = Release;
		};
		C01FCF4F08A954540054247B /* Debug */ = {
			isa = XCBuildConfiguration;
			baseConfigurationReference = 3047A5111AB8059700498E2A /* build.xcconfig */;
			buildSettings = {
				CLANG_ENABLE_MODULES = YES;
				CLANG_ENABLE_OBJC_ARC = YES;
				CLANG_WARN_BOOL_CONVERSION = YES;
				CLANG_WARN_CONSTANT_CONVERSION = YES;
				CLANG_WARN_EMPTY_BODY = YES;
				CLANG_WARN_ENUM_CONVERSION = YES;
				CLANG_WARN_INT_CONVERSION = YES;
				CLANG_WARN__DUPLICATE_METHOD_MATCH = YES;
				GCC_C_LANGUAGE_STANDARD = c99;
				GCC_THUMB_SUPPORT = NO;
				GCC_VERSION = "";
				GCC_WARN_ABOUT_RETURN_TYPE = YES;
				GCC_WARN_UNDECLARED_SELECTOR = YES;
				GCC_WARN_UNINITIALIZED_AUTOS = YES;
				GCC_WARN_UNUSED_FUNCTION = YES;
				GCC_WARN_UNUSED_VARIABLE = YES;
				ONLY_ACTIVE_ARCH = YES;
				SDKROOT = iphoneos;
				SKIP_INSTALL = NO;
				ASSETCATALOG_COMPILER_LAUNCHIMAGE_NAME = LaunchImage;
			};
			name = Debug;
		};
		C01FCF5008A954540054247B /* Release */ = {
			isa = XCBuildConfiguration;
			baseConfigurationReference = 3047A5111AB8059700498E2A /* build.xcconfig */;
			buildSettings = {
				CLANG_ENABLE_MODULES = YES;
				CLANG_ENABLE_OBJC_ARC = YES;
				CLANG_WARN_BOOL_CONVERSION = YES;
				CLANG_WARN_CONSTANT_CONVERSION = YES;
				CLANG_WARN_EMPTY_BODY = YES;
				CLANG_WARN_ENUM_CONVERSION = YES;
				CLANG_WARN_INT_CONVERSION = YES;
				CLANG_WARN__DUPLICATE_METHOD_MATCH = YES;
				GCC_C_LANGUAGE_STANDARD = c99;
				GCC_THUMB_SUPPORT = NO;
				GCC_VERSION = "";
				GCC_WARN_ABOUT_RETURN_TYPE = YES;
				GCC_WARN_UNDECLARED_SELECTOR = YES;
				GCC_WARN_UNINITIALIZED_AUTOS = YES;
				GCC_WARN_UNUSED_FUNCTION = YES;
				GCC_WARN_UNUSED_VARIABLE = YES;
				SDKROOT = iphoneos;
				SKIP_INSTALL = NO;
				ASSETCATALOG_COMPILER_LAUNCHIMAGE_NAME = LaunchImage;
			};
			name = Release;
		};
/* End XCBuildConfiguration section */

/* Begin XCConfigurationList section */
		1D6058960D05DD3E006BFB54 /* Build configuration list for PBXNativeTarget "Smart Feed" */ = {
			isa = XCConfigurationList;
			buildConfigurations = (
				1D6058940D05DD3E006BFB54 /* Debug */,
				1D6058950D05DD3E006BFB54 /* Release */,
			);
			defaultConfigurationIsVisible = 0;
			defaultConfigurationName = Release;
		};
		C01FCF4E08A954540054247B /* Build configuration list for PBXProject "__NON-CLI__" */ = {
			isa = XCConfigurationList;
			buildConfigurations = (
				C01FCF4F08A954540054247B /* Debug */,
				C01FCF5008A954540054247B /* Release */,
			);
			defaultConfigurationIsVisible = 0;
			defaultConfigurationName = Release;
		};
/* End XCConfigurationList section */
	};
	rootObject = 29B97313FDCFA39411CA2CEA /* Project object */;
}
